
Microsoft Visual Studio Solution File, Format Version 12.00
# Visual Studio 14
VisualStudioVersion = 14.0.25420.1
MinimumVisualStudioVersion = 10.0.40219.1
Project("{FAE04EC0-301F-11D3-BF4B-00C04F79EFBC}") = "2014219581-ENT", "2014219581-ENT\2014219581-ENT.csproj", "{D6940254-F802-4B2E-9277-57CCC040CB01}"
EndProject
Project("{FAE04EC0-301F-11D3-BF4B-00C04F79EFBC}") = "2014219581-PER", "2014219581-PER\2014219581-PER.csproj", "{1976E63C-96C6-4F4A-B932-8FF0F20CA1F5}"
EndProject
Project("{FAE04EC0-301F-11D3-BF4B-00C04F79EFBC}") = "2014219581-CON", "2014219581-CON\2014219581-CON.csproj", "{16CFA828-3EFA-478F-A98C-D42F30CE488B}"
EndProject
Global
	GlobalSection(SolutionConfigurationPlatforms) = preSolution
		Debug|Any CPU = Debug|Any CPU
		Release|Any CPU = Release|Any CPU
	EndGlobalSection
	GlobalSection(ProjectConfigurationPlatforms) = postSolution
		{D6940254-F802-4B2E-9277-57CCC040CB01}.Debug|Any CPU.ActiveCfg = Debug|Any CPU
		{D6940254-F802-4B2E-9277-57CCC040CB01}.Debug|Any CPU.Build.0 = Debug|Any CPU
		{D6940254-F802-4B2E-9277-57CCC040CB01}.Release|Any CPU.ActiveCfg = Release|Any CPU
		{D6940254-F802-4B2E-9277-57CCC040CB01}.Release|Any CPU.Build.0 = Release|Any CPU
		{1976E63C-96C6-4F4A-B932-8FF0F20CA1F5}.Debug|Any CPU.ActiveCfg = Debug|Any CPU
		{1976E63C-96C6-4F4A-B932-8FF0F20CA1F5}.Debug|Any CPU.Build.0 = Debug|Any CPU
		{1976E63C-96C6-4F4A-B932-8FF0F20CA1F5}.Release|Any CPU.ActiveCfg = Release|Any CPU
		{1976E63C-96C6-4F4A-B932-8FF0F20CA1F5}.Release|Any CPU.Build.0 = Release|Any CPU
		{16CFA828-3EFA-478F-A98C-D42F30CE488B}.Debug|Any CPU.ActiveCfg = Debug|Any CPU
		{16CFA828-3EFA-478F-A98C-D42F30CE488B}.Debug|Any CPU.Build.0 = Debug|Any CPU
		{16CFA828-3EFA-478F-A98C-D42F30CE488B}.Release|Any CPU.ActiveCfg = Release|Any CPU
		{16CFA828-3EFA-478F-A98C-D42F30CE488B}.Release|Any CPU.Build.0 = Release|Any CPU
	EndGlobalSection
	GlobalSection(SolutionProperties) = preSolution
		HideSolutionNode = FALSE
	EndGlobalSection
EndGlobal
